
Microsoft Visual Studio Solution File, Format Version 12.00
# Visual Studio 2013
Project("{FAE04EC0-301F-11D3-BF4B-00C04F79EFBC}") = "UnityVS.RATGame.CSharp", "UnityVS.RATGame.CSharp.csproj", "{1EABA6C6-42DA-0AF9-EDC2-291718B4A374}"
EndProject
Project("{FAE04EC0-301F-11D3-BF4B-00C04F79EFBC}") = "UnityVS.RATGame.CSharp.Editor", "UnityVS.RATGame.CSharp.Editor.csproj", "{676C3BFF-BEB1-2E97-5CBC-87868BE62F37}"
EndProject
Global
	GlobalSection(SolutionConfigurationPlatforms) = preSolution
		Debug|Any CPU = Debug|Any CPU
		Release|Any CPU = Release|Any CPU
	EndGlobalSection
	GlobalSection(ProjectConfigurationPlatforms) = postSolution
		{1EABA6C6-42DA-0AF9-EDC2-291718B4A374}.Debug|Any CPU.ActiveCfg = Debug|Any CPU
		{1EABA6C6-42DA-0AF9-EDC2-291718B4A374}.Debug|Any CPU.Build.0 = Debug|Any CPU
		{1EABA6C6-42DA-0AF9-EDC2-291718B4A374}.Release|Any CPU.ActiveCfg = Release|Any CPU
		{1EABA6C6-42DA-0AF9-EDC2-291718B4A374}.Release|Any CPU.Build.0 = Release|Any CPU
		{676C3BFF-BEB1-2E97-5CBC-87868BE62F37}.Debug|Any CPU.ActiveCfg = Debug|Any CPU
		{676C3BFF-BEB1-2E97-5CBC-87868BE62F37}.Debug|Any CPU.Build.0 = Debug|Any CPU
		{676C3BFF-BEB1-2E97-5CBC-87868BE62F37}.Release|Any CPU.ActiveCfg = Release|Any CPU
		{676C3BFF-BEB1-2E97-5CBC-87868BE62F37}.Release|Any CPU.Build.0 = Release|Any CPU
	EndGlobalSection
	GlobalSection(SolutionProperties) = preSolution
		HideSolutionNode = FALSE
	EndGlobalSection
EndGlobal
